{
  "requires": true,
  "lockfileVersion": 1,
  "dependencies": {
    "leaflet": {
      "version": "1.7.1",
      "resolved": "https://registry.npmjs.org/leaflet/-/leaflet-1.7.1.tgz",
      "integrity": "sha512-/xwPEBidtg69Q3HlqPdU3DnrXQOvQU/CCHA1tcDQVzOwm91YMYaILjNp7L4Eaw5Z4sOYdbBz6koWyibppd8Zqw=="
    },
    "v-video-embed": {
      "version": "1.0.8",
      "resolved": "https://registry.npmjs.org/v-video-embed/-/v-video-embed-1.0.8.tgz",
      "integrity": "sha512-1PyN5gSkqTB/LJDOyDm22YIUX2nx50FwV2EaWXbkR4ZyaCLBImQ3bCgMcZ3qhGtObj0Y19akzJ0u0ab4ud+bEw==",
      "requires": {
        "vue": "^2.6.10"
      }
    },
    "vue": {
      "version": "2.6.14",
      "resolved": "https://registry.npmjs.org/vue/-/vue-2.6.14.tgz",
      "integrity": "sha512-x2284lgYvjOMj3Za7kqzRcUSxBboHqtgRE2zlos1qWaOye5yUmHn42LB1250NJBLRwEcdrB0JRwyPTEPhfQjiQ=="
    },
    "vue2-leaflet": {
      "version": "2.7.1",
      "resolved": "https://registry.npmjs.org/vue2-leaflet/-/vue2-leaflet-2.7.1.tgz",
      "integrity": "sha512-K7HOlzRhjt3Z7+IvTqEavIBRbmCwSZSCVUlz9u4Rc+3xGCLsHKz4TAL4diAmfHElCQdPPVdZdJk8wPUt2fu6WQ=="
    }
  }
}
